
Microsoft Visual Studio Solution File, Format Version 12.00
# Visual Studio Version 16
VisualStudioVersion = 16.0.34902.97
MinimumVisualStudioVersion = 10.0.40219.1
Project("{2150E333-8FDC-42A3-9474-1A3956D46DE8}") = "1. Interface", "1. Interface", "{7F8CEA18-8BCE-4886-931B-5750562B6C45}"
EndProject
Project("{2150E333-8FDC-42A3-9474-1A3956D46DE8}") = "2. Logic", "2. Logic", "{DBB63D27-72B5-4FC4-8BDD-41B33732776E}"
EndProject
Project("{2150E333-8FDC-42A3-9474-1A3956D46DE8}") = "3. DataAccess", "3. DataAccess", "{876EC5C0-EDB8-4EEE-AADD-1172CCF3D4F1}"
EndProject
Project("{FAE04EC0-301F-11D3-BF4B-00C04F79EFBC}") = "DataAccess", "AccesDatos\DataAccess.csproj", "{21D06442-93B2-4B75-8630-8F83748A8CA9}"
EndProject
Project("{FAE04EC0-301F-11D3-BF4B-00C04F79EFBC}") = "BussinessLogic", "Logic\BussinessLogic.csproj", "{19D0BA92-D2B4-4318-A185-EE47D6865F3A}"
EndProject
Project("{FAE04EC0-301F-11D3-BF4B-00C04F79EFBC}") = "Service_Publisher", "Service_Publisher\Service_Publisher.csproj", "{086472DE-29B6-4E62-8CA1-7E9A5E7DEA37}"
EndProject
Project("{FAE04EC0-301F-11D3-BF4B-00C04F79EFBC}") = "Site", "Site\Site.csproj", "{BE936129-40F2-4123-9FC7-3F6DE699CA7E}"
	ProjectSection(ProjectDependencies) = postProject
		{086472DE-29B6-4E62-8CA1-7E9A5E7DEA37} = {086472DE-29B6-4E62-8CA1-7E9A5E7DEA37}
	EndProjectSection
EndProject
Global
	GlobalSection(SolutionConfigurationPlatforms) = preSolution
		Debug|Any CPU = Debug|Any CPU
		Release|Any CPU = Release|Any CPU
	EndGlobalSection
	GlobalSection(ProjectConfigurationPlatforms) = postSolution
		{21D06442-93B2-4B75-8630-8F83748A8CA9}.Debug|Any CPU.ActiveCfg = Debug|Any CPU
		{21D06442-93B2-4B75-8630-8F83748A8CA9}.Debug|Any CPU.Build.0 = Debug|Any CPU
		{21D06442-93B2-4B75-8630-8F83748A8CA9}.Release|Any CPU.ActiveCfg = Release|Any CPU
		{21D06442-93B2-4B75-8630-8F83748A8CA9}.Release|Any CPU.Build.0 = Release|Any CPU
		{19D0BA92-D2B4-4318-A185-EE47D6865F3A}.Debug|Any CPU.ActiveCfg = Debug|Any CPU
		{19D0BA92-D2B4-4318-A185-EE47D6865F3A}.Debug|Any CPU.Build.0 = Debug|Any CPU
		{19D0BA92-D2B4-4318-A185-EE47D6865F3A}.Release|Any CPU.ActiveCfg = Release|Any CPU
		{19D0BA92-D2B4-4318-A185-EE47D6865F3A}.Release|Any CPU.Build.0 = Release|Any CPU
		{086472DE-29B6-4E62-8CA1-7E9A5E7DEA37}.Debug|Any CPU.ActiveCfg = Debug|Any CPU
		{086472DE-29B6-4E62-8CA1-7E9A5E7DEA37}.Debug|Any CPU.Build.0 = Debug|Any CPU
		{086472DE-29B6-4E62-8CA1-7E9A5E7DEA37}.Release|Any CPU.ActiveCfg = Release|Any CPU
		{086472DE-29B6-4E62-8CA1-7E9A5E7DEA37}.Release|Any CPU.Build.0 = Release|Any CPU
		{BE936129-40F2-4123-9FC7-3F6DE699CA7E}.Debug|Any CPU.ActiveCfg = Debug|Any CPU
		{BE936129-40F2-4123-9FC7-3F6DE699CA7E}.Debug|Any CPU.Build.0 = Debug|Any CPU
		{BE936129-40F2-4123-9FC7-3F6DE699CA7E}.Release|Any CPU.ActiveCfg = Release|Any CPU
		{BE936129-40F2-4123-9FC7-3F6DE699CA7E}.Release|Any CPU.Build.0 = Release|Any CPU
	EndGlobalSection
	GlobalSection(SolutionProperties) = preSolution
		HideSolutionNode = FALSE
	EndGlobalSection
	GlobalSection(NestedProjects) = preSolution
		{21D06442-93B2-4B75-8630-8F83748A8CA9} = {876EC5C0-EDB8-4EEE-AADD-1172CCF3D4F1}
		{19D0BA92-D2B4-4318-A185-EE47D6865F3A} = {DBB63D27-72B5-4FC4-8BDD-41B33732776E}
		{086472DE-29B6-4E62-8CA1-7E9A5E7DEA37} = {DBB63D27-72B5-4FC4-8BDD-41B33732776E}
		{BE936129-40F2-4123-9FC7-3F6DE699CA7E} = {7F8CEA18-8BCE-4886-931B-5750562B6C45}
	EndGlobalSection
	GlobalSection(ExtensibilityGlobals) = postSolution
		SolutionGuid = {07EAABFC-9831-4BA4-A610-96AD3672303A}
	EndGlobalSection
EndGlobal
